
Microsoft Visual Studio Solution File, Format Version 12.00
# Visual Studio Version 17
VisualStudioVersion = 17.4.33205.214
MinimumVisualStudioVersion = 10.0.40219.1
Project("{FAE04EC0-301F-11D3-BF4B-00C04F79EFBC}") = "HRBase", "HRBase.csproj", "{DBD2DB7C-FF8F-4348-9EBE-5243EF29F839}"
EndProject
Global
	GlobalSection(SolutionConfigurationPlatforms) = preSolution
		Debug|Any CPU = Debug|Any CPU
		Release|Any CPU = Release|Any CPU
	EndGlobalSection
	GlobalSection(ProjectConfigurationPlatforms) = postSolution
		{DBD2DB7C-FF8F-4348-9EBE-5243EF29F839}.Debug|Any CPU.ActiveCfg = Debug|Any CPU
		{DBD2DB7C-FF8F-4348-9EBE-5243EF29F839}.Debug|Any CPU.Build.0 = Debug|Any CPU
		{DBD2DB7C-FF8F-4348-9EBE-5243EF29F839}.Release|Any CPU.ActiveCfg = Release|Any CPU
		{DBD2DB7C-FF8F-4348-9EBE-5243EF29F839}.Release|Any CPU.Build.0 = Release|Any CPU
	EndGlobalSection
	GlobalSection(SolutionProperties) = preSolution
		HideSolutionNode = FALSE
	EndGlobalSection
	GlobalSection(ExtensibilityGlobals) = postSolution
		SolutionGuid = {E200F42A-F2A6-4B15-8854-17CDF01BD77F}
	EndGlobalSection
EndGlobal
